
Microsoft Visual Studio Solution File, Format Version 12.00
# Visual Studio 15
VisualStudioVersion = 15.0.28307.489
MinimumVisualStudioVersion = 10.0.40219.1
Project("{9A19103F-16F7-4668-BE54-9A1E7A4F7556}") = "curve-api", "curve-api\curve-api.csproj", "{496AB595-7C5C-4D11-8A6E-565AF6F157F5}"
EndProject
Global
	GlobalSection(SolutionConfigurationPlatforms) = preSolution
		Debug|Any CPU = Debug|Any CPU
		Release|Any CPU = Release|Any CPU
	EndGlobalSection
	GlobalSection(ProjectConfigurationPlatforms) = postSolution
		{496AB595-7C5C-4D11-8A6E-565AF6F157F5}.Debug|Any CPU.ActiveCfg = Debug|Any CPU
		{496AB595-7C5C-4D11-8A6E-565AF6F157F5}.Debug|Any CPU.Build.0 = Debug|Any CPU
		{496AB595-7C5C-4D11-8A6E-565AF6F157F5}.Release|Any CPU.ActiveCfg = Release|Any CPU
		{496AB595-7C5C-4D11-8A6E-565AF6F157F5}.Release|Any CPU.Build.0 = Release|Any CPU
	EndGlobalSection
	GlobalSection(SolutionProperties) = preSolution
		HideSolutionNode = FALSE
	EndGlobalSection
	GlobalSection(ExtensibilityGlobals) = postSolution
		SolutionGuid = {0DE23EA5-779A-44E3-9254-EF7443EA3E6F}
	EndGlobalSection
EndGlobal
